[root]
name = "rubar"
version = "0.1.0"
dependencies = [
 "cairo-sys-rs 0.3.1 (git+https://github.com/ludat/cairo)",
 "glib 0.1.0 (git+https://github.com/gtk-rs/glib)",
 "pango-sys 0.3.1 (git+https://github.com/gtk-rs/sys)",
 "pkg-config 0.3.8 (registry+https://github.com/rust-lang/crates.io-index)",
 "x11 2.6.1 (registry+https://github.com/rust-lang/crates.io-index)",
]

[[package]]
name = "bitflags"
version = "0.4.0"
source = "registry+https://github.com/rust-lang/crates.io-index"

[[package]]
name = "cairo-sys-rs"
version = "0.3.1"
source = "git+https://github.com/ludat/cairo#1a4c410430a7744f690fb076b282a9996a77ec86"
dependencies = [
 "libc 0.2.13 (registry+https://github.com/rust-lang/crates.io-index)",
 "pkg-config 0.3.8 (registry+https://github.com/rust-lang/crates.io-index)",
 "x11 2.6.1 (registry+https://github.com/rust-lang/crates.io-index)",
]

[[package]]
name = "gio-sys"
version = "0.3.1"
source = "git+https://github.com/gtk-rs/sys#774929a264759e2dd358ffc491889b25e0615cf9"
dependencies = [
 "bitflags 0.4.0 (registry+https://github.com/rust-lang/crates.io-index)",
 "glib-sys 0.3.1 (git+https://github.com/gtk-rs/sys)",
 "gobject-sys 0.3.1 (git+https://github.com/gtk-rs/sys)",
 "libc 0.2.13 (registry+https://github.com/rust-lang/crates.io-index)",
 "pkg-config 0.3.8 (registry+https://github.com/rust-lang/crates.io-index)",
]

[[package]]
name = "glib"
version = "0.1.0"
source = "git+https://github.com/gtk-rs/glib#9f77b36524b9bfb5196cba48fc25314cd5345664"
dependencies = [
 "gio-sys 0.3.1 (git+https://github.com/gtk-rs/sys)",
 "glib-sys 0.3.1 (git+https://github.com/gtk-rs/sys)",
 "gobject-sys 0.3.1 (git+https://github.com/gtk-rs/sys)",
 "libc 0.2.13 (registry+https://github.com/rust-lang/crates.io-index)",
]

[[package]]
name = "glib-sys"
version = "0.3.1"
source = "git+https://github.com/gtk-rs/sys#774929a264759e2dd358ffc491889b25e0615cf9"
dependencies = [
 "bitflags 0.4.0 (registry+https://github.com/rust-lang/crates.io-index)",
 "libc 0.2.13 (registry+https://github.com/rust-lang/crates.io-index)",
 "pkg-config 0.3.8 (registry+https://github.com/rust-lang/crates.io-index)",
]

[[package]]
name = "gobject-sys"
version = "0.3.1"
source = "git+https://github.com/gtk-rs/sys#774929a264759e2dd358ffc491889b25e0615cf9"
dependencies = [
 "bitflags 0.4.0 (registry+https://github.com/rust-lang/crates.io-index)",
 "glib-sys 0.3.1 (git+https://github.com/gtk-rs/sys)",
 "libc 0.2.13 (registry+https://github.com/rust-lang/crates.io-index)",
 "pkg-config 0.3.8 (registry+https://github.com/rust-lang/crates.io-index)",
]

[[package]]
name = "libc"
version = "0.2.13"
source = "registry+https://github.com/rust-lang/crates.io-index"

[[package]]
name = "nom"
version = "1.2.3"
source = "registry+https://github.com/rust-lang/crates.io-index"

[[package]]
name = "pango-sys"
version = "0.3.1"
source = "git+https://github.com/gtk-rs/sys#774929a264759e2dd358ffc491889b25e0615cf9"
dependencies = [
 "bitflags 0.4.0 (registry+https://github.com/rust-lang/crates.io-index)",
 "glib-sys 0.3.1 (git+https://github.com/gtk-rs/sys)",
 "gobject-sys 0.3.1 (git+https://github.com/gtk-rs/sys)",
 "libc 0.2.13 (registry+https://github.com/rust-lang/crates.io-index)",
 "pkg-config 0.3.8 (registry+https://github.com/rust-lang/crates.io-index)",
]

[[package]]
name = "pkg-config"
version = "0.3.8"
source = "registry+https://github.com/rust-lang/crates.io-index"

[[package]]
name = "x11"
version = "2.6.1"
source = "registry+https://github.com/rust-lang/crates.io-index"
dependencies = [
 "libc 0.2.13 (registry+https://github.com/rust-lang/crates.io-index)",
 "pkg-config 0.3.8 (registry+https://github.com/rust-lang/crates.io-index)",
]

