[root]
name = "rubar"
version = "0.1.0"
dependencies = [
 "cairo-rs 0.1.0 (git+https://github.com/ludat/cairo)",
 "x11 2.6.1 (registry+https://github.com/rust-lang/crates.io-index)",
]

[[package]]
name = "bitflags"
version = "0.4.0"
source = "registry+https://github.com/rust-lang/crates.io-index"

[[package]]
name = "c_vec"
version = "1.0.12"
source = "registry+https://github.com/rust-lang/crates.io-index"

[[package]]
name = "cairo-rs"
version = "0.1.0"
source = "git+https://github.com/ludat/cairo#1d3110e151a0a650dceda5f5cfce01d2022e2e1c"
dependencies = [
 "c_vec 1.0.12 (registry+https://github.com/rust-lang/crates.io-index)",
 "cairo-sys-rs 0.3.1 (git+https://github.com/ludat/cairo)",
 "glib 0.1.0 (git+https://github.com/gtk-rs/glib)",
 "libc 0.2.12 (registry+https://github.com/rust-lang/crates.io-index)",
]

[[package]]
name = "cairo-sys-rs"
version = "0.3.1"
source = "git+https://github.com/ludat/cairo#1d3110e151a0a650dceda5f5cfce01d2022e2e1c"
dependencies = [
 "libc 0.2.12 (registry+https://github.com/rust-lang/crates.io-index)",
 "pkg-config 0.3.8 (registry+https://github.com/rust-lang/crates.io-index)",
 "x11 2.6.1 (registry+https://github.com/rust-lang/crates.io-index)",
]

[[package]]
name = "gio-sys"
version = "0.3.1"
source = "git+https://github.com/gtk-rs/sys#774929a264759e2dd358ffc491889b25e0615cf9"
dependencies = [
 "bitflags 0.4.0 (registry+https://github.com/rust-lang/crates.io-index)",
 "glib-sys 0.3.1 (git+https://github.com/gtk-rs/sys)",
 "gobject-sys 0.3.1 (git+https://github.com/gtk-rs/sys)",
 "libc 0.2.12 (registry+https://github.com/rust-lang/crates.io-index)",
 "pkg-config 0.3.8 (registry+https://github.com/rust-lang/crates.io-index)",
]

[[package]]
name = "glib"
version = "0.1.0"
source = "git+https://github.com/gtk-rs/glib#765192e04c6bdfc76536ae3406d64b73990c8d40"
dependencies = [
 "gio-sys 0.3.1 (git+https://github.com/gtk-rs/sys)",
 "glib-sys 0.3.1 (git+https://github.com/gtk-rs/sys)",
 "gobject-sys 0.3.1 (git+https://github.com/gtk-rs/sys)",
 "libc 0.2.12 (registry+https://github.com/rust-lang/crates.io-index)",
]

[[package]]
name = "glib-sys"
version = "0.3.1"
source = "git+https://github.com/gtk-rs/sys#774929a264759e2dd358ffc491889b25e0615cf9"
dependencies = [
 "bitflags 0.4.0 (registry+https://github.com/rust-lang/crates.io-index)",
 "libc 0.2.12 (registry+https://github.com/rust-lang/crates.io-index)",
 "pkg-config 0.3.8 (registry+https://github.com/rust-lang/crates.io-index)",
]

[[package]]
name = "gobject-sys"
version = "0.3.1"
source = "git+https://github.com/gtk-rs/sys#774929a264759e2dd358ffc491889b25e0615cf9"
dependencies = [
 "bitflags 0.4.0 (registry+https://github.com/rust-lang/crates.io-index)",
 "glib-sys 0.3.1 (git+https://github.com/gtk-rs/sys)",
 "libc 0.2.12 (registry+https://github.com/rust-lang/crates.io-index)",
 "pkg-config 0.3.8 (registry+https://github.com/rust-lang/crates.io-index)",
]

[[package]]
name = "libc"
version = "0.2.12"
source = "registry+https://github.com/rust-lang/crates.io-index"

[[package]]
name = "pkg-config"
version = "0.3.8"
source = "registry+https://github.com/rust-lang/crates.io-index"

[[package]]
name = "x11"
version = "2.6.1"
source = "registry+https://github.com/rust-lang/crates.io-index"
dependencies = [
 "libc 0.2.12 (registry+https://github.com/rust-lang/crates.io-index)",
 "pkg-config 0.3.8 (registry+https://github.com/rust-lang/crates.io-index)",
]

